<?xml version="1.0" encoding="utf-8"?>
<Project ToolsVersion="4.0" xmlns="http://schemas.microsoft.com/developer/msbuild/2003">
  <ItemGroup>
    <Filter Include="소스 파일">
      <UniqueIdentifier>{4FC737F1-C7A5-4376-A066-2A32D752A2FF}</UniqueIdentifier>
      <Extensions>cpp;c;cc;cxx;def;odl;idl;hpj;bat;asm;asmx</Extensions>
    </Filter>
    <Filter Include="헤더 파일">
      <UniqueIdentifier>{93995380-89BD-4b04-88EB-625FBE52EBFB}</UniqueIdentifier>
      <Extensions>h;hh;hpp;hxx;hm;inl;inc;xsd</Extensions>
    </Filter>
    <Filter Include="리소스 파일">
      <UniqueIdentifier>{67DA6AB6-F800-4c08-8B7A-83BB121AAD01}</UniqueIdentifier>
      <Extensions>rc;ico;cur;bmp;dlg;rc2;rct;bin;rgs;gif;jpg;jpeg;jpe;resx;tiff;tif;png;wav;mfcribbon-ms</Extensions>
    </Filter>
    <Filter Include="헤더 파일\Useful">
      <UniqueIdentifier>{b95a2c89-fd7c-4f7b-b5a6-0f32c01a66cb}</UniqueIdentifier>
    </Filter>
    <Filter Include="Tile">
      <UniqueIdentifier>{259b4cbd-48b9-4d09-bab2-8ca9d05d512c}</UniqueIdentifier>
    </Filter>
    <Filter Include="MainGame">
      <UniqueIdentifier>{5269fd84-01e7-4967-b7c7-84802f73a45e}</UniqueIdentifier>
    </Filter>
    <Filter Include="Scene">
      <UniqueIdentifier>{f567aa72-2430-47a6-9d4a-b68de5fbb809}</UniqueIdentifier>
    </Filter>
    <Filter Include="GameObject">
      <UniqueIdentifier>{f5d5a5ac-4e1f-4e43-9238-f741fefcfbd0}</UniqueIdentifier>
    </Filter>
    <Filter Include="FrameWork">
      <UniqueIdentifier>{c3d89313-f897-4a5d-81e7-4a2e6758b116}</UniqueIdentifier>
    </Filter>
    <Filter Include="FrameWork\Image">
      <UniqueIdentifier>{26390084-d6c5-4f21-b688-91cdc1dadf48}</UniqueIdentifier>
    </Filter>
    <Filter Include="FrameWork\Manager">
      <UniqueIdentifier>{4696d0cc-359d-41c3-858c-1407eeeeb571}</UniqueIdentifier>
    </Filter>
    <Filter Include="FrameWork\Timer">
      <UniqueIdentifier>{e61f2a7d-3117-47a6-a475-4f10246c9acd}</UniqueIdentifier>
    </Filter>
  </ItemGroup>
  <ItemGroup>
    <ClInclude Include="stdafx.h">
      <Filter>헤더 파일</Filter>
    </ClInclude>
    <ClInclude Include="targetver.h">
      <Filter>헤더 파일</Filter>
    </ClInclude>
    <ClInclude Include="resource.h">
      <Filter>헤더 파일</Filter>
    </ClInclude>
    <ClInclude Include="commonMacroFunction.h">
      <Filter>헤더 파일\Useful</Filter>
    </ClInclude>
    <ClInclude Include="define.h">
      <Filter>헤더 파일\Useful</Filter>
    </ClInclude>
    <ClInclude Include="enum.h">
      <Filter>헤더 파일\Useful</Filter>
    </ClInclude>
    <ClInclude Include="randomFunction.h">
      <Filter>헤더 파일\Useful</Filter>
    </ClInclude>
    <ClInclude Include="renderer.h">
      <Filter>헤더 파일\Useful</Filter>
    </ClInclude>
    <ClInclude Include="struct.h">
      <Filter>헤더 파일\Useful</Filter>
    </ClInclude>
    <ClInclude Include="tile.h">
      <Filter>Tile</Filter>
    </ClInclude>
    <ClInclude Include="tileFactory.h">
      <Filter>Tile</Filter>
    </ClInclude>
    <ClInclude Include="mainGame.h">
      <Filter>MainGame</Filter>
    </ClInclude>
    <ClInclude Include="lobbyScene.h">
      <Filter>Scene</Filter>
    </ClInclude>
    <ClInclude Include="loginScene.h">
      <Filter>Scene</Filter>
    </ClInclude>
    <ClInclude Include="modeSelectScene.h">
      <Filter>Scene</Filter>
    </ClInclude>
    <ClInclude Include="playScene.h">
      <Filter>Scene</Filter>
    </ClInclude>
    <ClInclude Include="scene.h">
      <Filter>Scene</Filter>
    </ClInclude>
    <ClInclude Include="bomb.h">
      <Filter>GameObject</Filter>
    </ClInclude>
    <ClInclude Include="gameObject.h">
      <Filter>GameObject</Filter>
    </ClInclude>
    <ClInclude Include="designElement.h">
      <Filter>GameObject</Filter>
    </ClInclude>
    <ClInclude Include="player.h">
      <Filter>GameObject</Filter>
    </ClInclude>
    <ClInclude Include="timer.h">
      <Filter>FrameWork\Timer</Filter>
    </ClInclude>
    <ClInclude Include="image.h">
      <Filter>FrameWork\Image</Filter>
    </ClInclude>
    <ClInclude Include="gameNode.h">
      <Filter>FrameWork</Filter>
    </ClInclude>
    <ClInclude Include="singletonBase.h">
      <Filter>FrameWork</Filter>
    </ClInclude>
    <ClInclude Include="gameObjectManager.h">
      <Filter>FrameWork\Manager</Filter>
    </ClInclude>
    <ClInclude Include="gameStateManager.h">
      <Filter>FrameWork\Manager</Filter>
    </ClInclude>
    <ClInclude Include="imageManager.h">
      <Filter>FrameWork\Manager</Filter>
    </ClInclude>
    <ClInclude Include="keyManager.h">
      <Filter>FrameWork\Manager</Filter>
    </ClInclude>
    <ClInclude Include="sceneManager.h">
      <Filter>FrameWork\Manager</Filter>
    </ClInclude>
    <ClInclude Include="timeManager.h">
      <Filter>FrameWork\Manager</Filter>
    </ClInclude>
    <ClInclude Include="wave.h">
      <Filter>GameObject</Filter>
    </ClInclude>
    <ClInclude Include="waveStartingPoint.h">
      <Filter>GameObject</Filter>
    </ClInclude>
    <ClInclude Include="item.h">
      <Filter>GameObject</Filter>
    </ClInclude>
    <ClInclude Include="itemFactory.h">
      <Filter>GameObject</Filter>
    </ClInclude>
    <ClInclude Include="soundManager.h">
      <Filter>FrameWork\Manager</Filter>
    </ClInclude>
  </ItemGroup>
  <ItemGroup>
    <ClCompile Include="stdafx.cpp">
      <Filter>소스 파일</Filter>
    </ClCompile>
    <ClCompile Include="winMain.cpp">
      <Filter>소스 파일</Filter>
    </ClCompile>
    <ClCompile Include="tile.cpp">
      <Filter>Tile</Filter>
    </ClCompile>
    <ClCompile Include="tileFactory.cpp">
      <Filter>Tile</Filter>
    </ClCompile>
    <ClCompile Include="mainGame.cpp">
      <Filter>MainGame</Filter>
    </ClCompile>
    <ClCompile Include="lobbyScene.cpp">
      <Filter>Scene</Filter>
    </ClCompile>
    <ClCompile Include="playScene.cpp">
      <Filter>Scene</Filter>
    </ClCompile>
    <ClCompile Include="loginScene.cpp">
      <Filter>Scene</Filter>
    </ClCompile>
    <ClCompile Include="modeSelectScene.cpp">
      <Filter>Scene</Filter>
    </ClCompile>
    <ClCompile Include="bomb.cpp">
      <Filter>GameObject</Filter>
    </ClCompile>
    <ClCompile Include="player.cpp">
      <Filter>GameObject</Filter>
    </ClCompile>
    <ClCompile Include="gameObject.cpp">
      <Filter>GameObject</Filter>
    </ClCompile>
    <ClCompile Include="designElement.cpp">
      <Filter>GameObject</Filter>
    </ClCompile>
    <ClCompile Include="timer.cpp">
      <Filter>FrameWork\Timer</Filter>
    </ClCompile>
    <ClCompile Include="image.cpp">
      <Filter>FrameWork\Image</Filter>
    </ClCompile>
    <ClCompile Include="gameNode.cpp">
      <Filter>FrameWork</Filter>
    </ClCompile>
    <ClCompile Include="gameObjectManager.cpp">
      <Filter>FrameWork\Manager</Filter>
    </ClCompile>
    <ClCompile Include="imageManager.cpp">
      <Filter>FrameWork\Manager</Filter>
    </ClCompile>
    <ClCompile Include="keyManager.cpp">
      <Filter>FrameWork\Manager</Filter>
    </ClCompile>
    <ClCompile Include="timeManager.cpp">
      <Filter>FrameWork\Manager</Filter>
    </ClCompile>
    <ClCompile Include="sceneManager.cpp">
      <Filter>FrameWork\Manager</Filter>
    </ClCompile>
    <ClCompile Include="wave.cpp">
      <Filter>GameObject</Filter>
    </ClCompile>
    <ClCompile Include="waveStartingPoint.cpp">
      <Filter>GameObject</Filter>
    </ClCompile>
    <ClCompile Include="item.cpp">
      <Filter>GameObject</Filter>
    </ClCompile>
    <ClCompile Include="itemFactory.cpp">
      <Filter>GameObject</Filter>
    </ClCompile>
  </ItemGroup>
  <ItemGroup>
    <ResourceCompile Include="2weeks_project_ver2.rc">
      <Filter>리소스 파일</Filter>
    </ResourceCompile>
  </ItemGroup>
  <ItemGroup>
    <Image Include="small.ico">
      <Filter>리소스 파일</Filter>
    </Image>
    <Image Include="2weeks_project_ver2.ico">
      <Filter>리소스 파일</Filter>
    </Image>
  </ItemGroup>
</Project>